# This file was autogenerated by Stack.
# You should not edit this file by hand.
# For more information, please see the documentation at:
#   https://docs.haskellstack.org/en/stable/lock_files

packages:
- completed:
    cabal-file:
      size: 4080
      sha256: f98e9d95a20c9c028b4b23be8d412433012e3b335b4f774dede1b44326bce7d6
    name: z3
    version: '4.3'
    git: https://github.com/IagoAbal/haskell-z3
    pantry-tree:
      size: 1604
      sha256: dd3c31ea723c24bd1c3aaea81e2cd85c03a1b45b206fc9989df51d313daf73f9
    commit: f3cf151fa32628742fc7db6a1834afcf99a63c35
  original:
    git: https://github.com/IagoAbal/haskell-z3
    commit: f3cf151fa32628742fc7db6a1834afcf99a63c35
snapshots:
- completed:
    size: 504771
    url: https://raw.githubusercontent.com/commercialhaskell/stackage-snapshots/master/lts/12/15.yaml
    sha256: b8e29bd49d3c716e60a222ee262d31f830281e626dd1f6abe38401a79c3ced60
  original: lts-12.15
